
Microsoft Visual Studio Solution File, Format Version 12.00
# Visual Studio Version 17
VisualStudioVersion = 17.14.36310.24 d17.14
MinimumVisualStudioVersion = 10.0.40219.1
Project("{FAE04EC0-301F-11D3-BF4B-00C04F79EFBC}") = "Demo2aFindTheSmallestAndLargestValueConsoleApp", "Demo2aFindTheSmallestAndLargestValueConsoleApp.csproj", "{5D4F3D01-B4A6-4AA4-9CAB-4EFE51EF041D}"
EndProject
Global
	GlobalSection(SolutionConfigurationPlatforms) = preSolution
		Debug|Any CPU = Debug|Any CPU
		Release|Any CPU = Release|Any CPU
	EndGlobalSection
	GlobalSection(ProjectConfigurationPlatforms) = postSolution
		{5D4F3D01-B4A6-4AA4-9CAB-4EFE51EF041D}.Debug|Any CPU.ActiveCfg = Debug|Any CPU
		{5D4F3D01-B4A6-4AA4-9CAB-4EFE51EF041D}.Debug|Any CPU.Build.0 = Debug|Any CPU
		{5D4F3D01-B4A6-4AA4-9CAB-4EFE51EF041D}.Release|Any CPU.ActiveCfg = Release|Any CPU
		{5D4F3D01-B4A6-4AA4-9CAB-4EFE51EF041D}.Release|Any CPU.Build.0 = Release|Any CPU
	EndGlobalSection
	GlobalSection(SolutionProperties) = preSolution
		HideSolutionNode = FALSE
	EndGlobalSection
	GlobalSection(ExtensibilityGlobals) = postSolution
		SolutionGuid = {660680A5-407F-44C6-8BBB-6368D6DFAFBB}
	EndGlobalSection
EndGlobal
